<?xml version="1.0" encoding="utf-8"?>
<Project ToolsVersion="4.0" xmlns="http://schemas.microsoft.com/developer/msbuild/2003">
  <ItemGroup>
    <Filter Include="includes">
      <UniqueIdentifier>{1CA10C65-086E-6770-3187-55181DB39CFE}</UniqueIdentifier>
    </Filter>
    <Filter Include="includes\noise">
      <UniqueIdentifier>{09AF473F-F57C-3B45-DE10-AC6BCA7D17AA}</UniqueIdentifier>
    </Filter>
    <Filter Include="src">
      <UniqueIdentifier>{2DAB880B-99B4-887C-2230-9F7C8E38947C}</UniqueIdentifier>
    </Filter>
  </ItemGroup>
  <ItemGroup>
    <ClInclude Include="includes\noise\FastNoise.h">
      <Filter>includes\noise</Filter>
    </ClInclude>
    <ClInclude Include="src\AppWindow.h">
      <Filter>src</Filter>
    </ClInclude>
    <ClInclude Include="src\BaseModel.h">
      <Filter>src</Filter>
    </ClInclude>
    <ClInclude Include="src\CalVertexBuffer.h">
      <Filter>src</Filter>
    </ClInclude>
    <ClInclude Include="src\Camera.h">
      <Filter>src</Filter>
    </ClInclude>
    <ClInclude Include="src\Color.h">
      <Filter>src</Filter>
    </ClInclude>
    <ClInclude Include="src\ComputeShader.h">
      <Filter>src</Filter>
    </ClInclude>
    <ClInclude Include="src\ConstantBuffer.h">
      <Filter>src</Filter>
    </ClInclude>
    <ClInclude Include="src\ConstantBuffer2D.h">
      <Filter>src</Filter>
    </ClInclude>
    <ClInclude Include="src\ConstantBufferTypes.h">
      <Filter>src</Filter>
    </ClInclude>
    <ClInclude Include="src\ConstantPixelBuffer.h">
      <Filter>src</Filter>
    </ClInclude>
    <ClInclude Include="src\DDSTextureLoader.h">
      <Filter>src</Filter>
    </ClInclude>
    <ClInclude Include="src\DeviceContext.h">
      <Filter>src</Filter>
    </ClInclude>
    <ClInclude Include="src\EditorWindow.h">
      <Filter>src</Filter>
    </ClInclude>
    <ClInclude Include="src\ErrorLogger.h">
      <Filter>src</Filter>
    </ClInclude>
    <ClInclude Include="src\GameObject.h">
      <Filter>src</Filter>
    </ClInclude>
    <ClInclude Include="src\GraphicsEngine.h">
      <Filter>src</Filter>
    </ClInclude>
    <ClInclude Include="src\IndexBuffer.h">
      <Filter>src</Filter>
    </ClInclude>
    <ClInclude Include="src\Keyboard.h">
      <Filter>src</Filter>
    </ClInclude>
    <ClInclude Include="src\KeyboardEvent.h">
      <Filter>src</Filter>
    </ClInclude>
    <ClInclude Include="src\Light.h">
      <Filter>src</Filter>
    </ClInclude>
    <ClInclude Include="src\Mesh.h">
      <Filter>src</Filter>
    </ClInclude>
    <ClInclude Include="src\Model.h">
      <Filter>src</Filter>
    </ClInclude>
    <ClInclude Include="src\Mouse.h">
      <Filter>src</Filter>
    </ClInclude>
    <ClInclude Include="src\MouseEvent.h">
      <Filter>src</Filter>
    </ClInclude>
    <ClInclude Include="src\Object2D.h">
      <Filter>src</Filter>
    </ClInclude>
    <ClInclude Include="src\Object3D.h">
      <Filter>src</Filter>
    </ClInclude>
    <ClInclude Include="src\OrthoCamera.h">
      <Filter>src</Filter>
    </ClInclude>
    <ClInclude Include="src\PixelShader.h">
      <Filter>src</Filter>
    </ClInclude>
    <ClInclude Include="src\RenderableObject.h">
      <Filter>src</Filter>
    </ClInclude>
    <ClInclude Include="src\Shader.h">
      <Filter>src</Filter>
    </ClInclude>
    <ClInclude Include="src\Sprite.h">
      <Filter>src</Filter>
    </ClInclude>
    <ClInclude Include="src\StringConverter.h">
      <Filter>src</Filter>
    </ClInclude>
    <ClInclude Include="src\SwapChain.h">
      <Filter>src</Filter>
    </ClInclude>
    <ClInclude Include="src\Texture.h">
      <Filter>src</Filter>
    </ClInclude>
    <ClInclude Include="src\VertexBuffer.h">
      <Filter>src</Filter>
    </ClInclude>
    <ClInclude Include="src\VertexShader.h">
      <Filter>src</Filter>
    </ClInclude>
    <ClInclude Include="src\WICTextureLoader.h">
      <Filter>src</Filter>
    </ClInclude>
    <ClInclude Include="src\Window.h">
      <Filter>src</Filter>
    </ClInclude>
    <ClInclude Include="src\ZLpch.h">
      <Filter>src</Filter>
    </ClInclude>
    <ClInclude Include="src\marching.h">
      <Filter>src</Filter>
    </ClInclude>
    <ClInclude Include="src\zMath.h">
      <Filter>src</Filter>
    </ClInclude>
    <ClInclude Include="src\zObject.h">
      <Filter>src</Filter>
    </ClInclude>
  </ItemGroup>
  <ItemGroup>
    <ClCompile Include="includes\noise\FastNoise.cpp">
      <Filter>includes\noise</Filter>
    </ClCompile>
    <ClCompile Include="src\AppWindow.cpp">
      <Filter>src</Filter>
    </ClCompile>
    <ClCompile Include="src\BaseModel.cpp">
      <Filter>src</Filter>
    </ClCompile>
    <ClCompile Include="src\CalVertexBuffer.cpp">
      <Filter>src</Filter>
    </ClCompile>
    <ClCompile Include="src\Camera.cpp">
      <Filter>src</Filter>
    </ClCompile>
    <ClCompile Include="src\Color.cpp">
      <Filter>src</Filter>
    </ClCompile>
    <ClCompile Include="src\ComputeShader.cpp">
      <Filter>src</Filter>
    </ClCompile>
    <ClCompile Include="src\ConstantBuffer.cpp">
      <Filter>src</Filter>
    </ClCompile>
    <ClCompile Include="src\ConstantBuffer2D.cpp">
      <Filter>src</Filter>
    </ClCompile>
    <ClCompile Include="src\ConstantPixelBuffer.cpp">
      <Filter>src</Filter>
    </ClCompile>
    <ClCompile Include="src\DDSTextureLoader.cpp">
      <Filter>src</Filter>
    </ClCompile>
    <ClCompile Include="src\DeviceContext.cpp">
      <Filter>src</Filter>
    </ClCompile>
    <ClCompile Include="src\EditorWindow.cpp">
      <Filter>src</Filter>
    </ClCompile>
    <ClCompile Include="src\ErrorLogger.cpp">
      <Filter>src</Filter>
    </ClCompile>
    <ClCompile Include="src\GameObject.cpp">
      <Filter>src</Filter>
    </ClCompile>
    <ClCompile Include="src\GraphicsEngine.cpp">
      <Filter>src</Filter>
    </ClCompile>
    <ClCompile Include="src\IndexBuffer.cpp">
      <Filter>src</Filter>
    </ClCompile>
    <ClCompile Include="src\Keyboard.cpp">
      <Filter>src</Filter>
    </ClCompile>
    <ClCompile Include="src\KeyboardEvent.cpp">
      <Filter>src</Filter>
    </ClCompile>
    <ClCompile Include="src\Light.cpp">
      <Filter>src</Filter>
    </ClCompile>
    <ClCompile Include="src\Mesh.cpp">
      <Filter>src</Filter>
    </ClCompile>
    <ClCompile Include="src\Model.cpp">
      <Filter>src</Filter>
    </ClCompile>
    <ClCompile Include="src\Mouse.cpp">
      <Filter>src</Filter>
    </ClCompile>
    <ClCompile Include="src\MouseEvent.cpp">
      <Filter>src</Filter>
    </ClCompile>
    <ClCompile Include="src\Object2D.cpp">
      <Filter>src</Filter>
    </ClCompile>
    <ClCompile Include="src\Object3D.cpp">
      <Filter>src</Filter>
    </ClCompile>
    <ClCompile Include="src\OrthoCamera.cpp">
      <Filter>src</Filter>
    </ClCompile>
    <ClCompile Include="src\PixelShader.cpp">
      <Filter>src</Filter>
    </ClCompile>
    <ClCompile Include="src\RenderableObject.cpp">
      <Filter>src</Filter>
    </ClCompile>
    <ClCompile Include="src\Shader.cpp">
      <Filter>src</Filter>
    </ClCompile>
    <ClCompile Include="src\Sprite.cpp">
      <Filter>src</Filter>
    </ClCompile>
    <ClCompile Include="src\StringConverter.cpp">
      <Filter>src</Filter>
    </ClCompile>
    <ClCompile Include="src\SwapChain.cpp">
      <Filter>src</Filter>
    </ClCompile>
    <ClCompile Include="src\Texture.cpp">
      <Filter>src</Filter>
    </ClCompile>
    <ClCompile Include="src\VertexBuffer.cpp">
      <Filter>src</Filter>
    </ClCompile>
    <ClCompile Include="src\VertexShader.cpp">
      <Filter>src</Filter>
    </ClCompile>
    <ClCompile Include="src\WICTextureLoader.cpp">
      <Filter>src</Filter>
    </ClCompile>
    <ClCompile Include="src\Window.cpp">
      <Filter>src</Filter>
    </ClCompile>
    <ClCompile Include="src\ZLpch.cpp">
      <Filter>src</Filter>
    </ClCompile>
    <ClCompile Include="src\main.cpp">
      <Filter>src</Filter>
    </ClCompile>
    <ClCompile Include="src\marching.cpp">
      <Filter>src</Filter>
    </ClCompile>
    <ClCompile Include="src\zMath.cpp">
      <Filter>src</Filter>
    </ClCompile>
    <ClCompile Include="src\zObject.cpp">
      <Filter>src</Filter>
    </ClCompile>
  </ItemGroup>
</Project>