<?xml version="1.0" encoding="utf-8"?>
<Project ToolsVersion="4.0" xmlns="http://schemas.microsoft.com/developer/msbuild/2003">
  <ItemGroup>
    <Filter Include="Zorlock">
      <UniqueIdentifier>{C99EF11E-357E-70BA-3E96-FB90AAF4D61B}</UniqueIdentifier>
    </Filter>
  </ItemGroup>
  <ItemGroup>
    <ClInclude Include="src\Zorlock.h" />
    <ClInclude Include="src\Zorlock\Application.h">
      <Filter>Zorlock</Filter>
    </ClInclude>
    <ClInclude Include="src\Zorlock\Core.h">
      <Filter>Zorlock</Filter>
    </ClInclude>
    <ClInclude Include="src\Zorlock\EntryPoint.h">
      <Filter>Zorlock</Filter>
    </ClInclude>
    <ClInclude Include="src\Zorlock\Log.h">
      <Filter>Zorlock</Filter>
    </ClInclude>
  </ItemGroup>
  <ItemGroup>
    <ClCompile Include="src\Zorlock\Application.cpp">
      <Filter>Zorlock</Filter>
    </ClCompile>
    <ClCompile Include="src\Zorlock\Log.cpp">
      <Filter>Zorlock</Filter>
    </ClCompile>
  </ItemGroup>
</Project>